%{
  "bandit": {:hex, :bandit, "1.2.0", "2b5784909cc25b2514868055ff27458cdc63314514b90d86448ff91d18bece80", [:mix], [{:hpax, "~> 0.1.1", [hex: :hpax, repo: "hexpm", optional: false]}, {:plug, "~> 1.14", [hex: :plug, repo: "hexpm", optional: false]}, {:telemetry, "~> 0.4 or ~> 1.0", [hex: :telemetry, repo: "hexpm", optional: false]}, {:thousand_island, "~> 1.0", [hex: :thousand_island, repo: "hexpm", optional: false]}, {:websock, "~> 0.5", [hex: :websock, repo: "hexpm", optional: false]}], "hexpm", "05688b883d87cc3b32991517a61e8c2ce8ee2dd6aa6eb73635426002a6661491"},
  "base36": {:hex, :base36, "1.0.1", "18103c11b0adbe668f5d3e7c0a969a530cd35452cc4eeca7d18a0dd305c2e191", [:mix], [{:custom_base, "~> 0.2.1", [hex: :custom_base, repo: "hexpm", optional: false]}], "hexpm", "774dd51c1643472735cfddece8f23789bc3a06a515be904d4e419bf1f607e8a9"},
  "bunt": {:hex, :bunt, "1.0.0", "081c2c665f086849e6d57900292b3a161727ab40431219529f13c4ddcf3e7a44", [:mix], [], "hexpm", "dc5f86aa08a5f6fa6b8096f0735c4e76d54ae5c9fa2c143e5a1fc7c1cd9bb6b5"},
  "castore": {:hex, :castore, "1.0.5", "9eeebb394cc9a0f3ae56b813459f990abb0a3dedee1be6b27fdb50301930502f", [:mix], [], "hexpm", "8d7c597c3e4a64c395980882d4bca3cebb8d74197c590dc272cfd3b6a6310578"},
  "cc_precompiler": {:hex, :cc_precompiler, "0.1.9", "e8d3364f310da6ce6463c3dd20cf90ae7bbecbf6c5203b98bf9b48035592649b", [:mix], [{:elixir_make, "~> 0.7", [hex: :elixir_make, repo: "hexpm", optional: false]}], "hexpm", "9dcab3d0f3038621f1601f13539e7a9ee99843862e66ad62827b0c42b2f58a54"},
  "certifi": {:hex, :certifi, "2.12.0", "2d1cca2ec95f59643862af91f001478c9863c2ac9cb6e2f89780bfd8de987329", [:rebar3], [], "hexpm", "ee68d85df22e554040cdb4be100f33873ac6051387baf6a8f6ce82272340ff1c"},
  "circuits_gpio": {:hex, :circuits_gpio, "1.2.0", "04ba7784229b37c9e8d22eaaffcbb59703ff8ddd7ee5fb6b4a38feb269119596", [:make, :mix], [{:elixir_make, "~> 0.6", [hex: :elixir_make, repo: "hexpm", optional: false]}], "hexpm", "6275303fce8475800eb6c16fac307b7e6cc748b03f6c4d80a9c81835aea6dfeb"},
  "cowboy": {:hex, :cowboy, "2.10.0", "ff9ffeff91dae4ae270dd975642997afe2a1179d94b1887863e43f681a203e26", [:make, :rebar3], [{:cowlib, "2.12.1", [hex: :cowlib, repo: "hexpm", optional: false]}, {:ranch, "1.8.0", [hex: :ranch, repo: "hexpm", optional: false]}], "hexpm", "3afdccb7183cc6f143cb14d3cf51fa00e53db9ec80cdcd525482f5e99bc41d6b"},
  "cowboy_telemetry": {:hex, :cowboy_telemetry, "0.4.0", "f239f68b588efa7707abce16a84d0d2acf3a0f50571f8bb7f56a15865aae820c", [:rebar3], [{:cowboy, "~> 2.7", [hex: :cowboy, repo: "hexpm", optional: false]}, {:telemetry, "~> 1.0", [hex: :telemetry, repo: "hexpm", optional: false]}], "hexpm", "7d98bac1ee4565d31b62d59f8823dfd8356a169e7fcbb83831b8a5397404c9de"},
  "cowlib": {:hex, :cowlib, "2.12.1", "a9fa9a625f1d2025fe6b462cb865881329b5caff8f1854d1cbc9f9533f00e1e1", [:make, :rebar3], [], "hexpm", "163b73f6367a7341b33c794c4e88e7dbfe6498ac42dcd69ef44c5bc5507c8db0"},
  "credo": {:hex, :credo, "1.7.4", "68ca5cf89071511c12fd9919eb84e388d231121988f6932756596195ccf7fd35", [:mix], [{:bunt, "~> 0.2.1 or ~> 1.0", [hex: :bunt, repo: "hexpm", optional: false]}, {:file_system, "~> 0.2 or ~> 1.0", [hex: :file_system, repo: "hexpm", optional: false]}, {:jason, "~> 1.0", [hex: :jason, repo: "hexpm", optional: false]}], "hexpm", "9cf776d062c78bbe0f0de1ecaee183f18f2c3ec591326107989b054b7dddefc2"},
  "cubdb": {:hex, :cubdb, "2.0.2", "d4253885084dae37a8ff73887d232864eb38ecac962aa08543e686b0183a1d62", [:mix], [], "hexpm", "c99cc8f9e6c4deb98d16cca5ded1928edd22e48b4736b76e8a1a85367d7fe921"},
  "custom_base": {:hex, :custom_base, "0.2.1", "4a832a42ea0552299d81652aa0b1f775d462175293e99dfbe4d7dbaab785a706", [:mix], [], "hexpm", "8df019facc5ec9603e94f7270f1ac73ddf339f56ade76a721eaa57c1493ba463"},
  "db_connection": {:hex, :db_connection, "2.6.0", "77d835c472b5b67fc4f29556dee74bf511bbafecdcaf98c27d27fa5918152086", [:mix], [{:telemetry, "~> 0.4 or ~> 1.0", [hex: :telemetry, repo: "hexpm", optional: false]}], "hexpm", "c2f992d15725e721ec7fbc1189d4ecdb8afef76648c746a8e1cad35e3b8a35f3"},
  "decimal": {:hex, :decimal, "2.1.1", "5611dca5d4b2c3dd497dec8f68751f1f1a54755e8ed2a966c2633cf885973ad6", [:mix], [], "hexpm", "53cfe5f497ed0e7771ae1a475575603d77425099ba5faef9394932b35020ffcc"},
  "dht": {:hex, :dht, "0.1.2", "5c40c424d28295a967b9f9de0c80a43f50a35fef2336aefca6956a77c28574b8", [:make, :mix], [{:elixir_make, "~> 0.6", [hex: :elixir_make, repo: "hexpm", optional: false]}, {:telemetry_poller, "~> 1.0", [hex: :telemetry_poller, repo: "hexpm", optional: false]}], "hexpm", "2f1072ce51148cb9ada6106685499c51cdbbbc376f0e8ea9abda2016738bcb00"},
  "dialyxir": {:hex, :dialyxir, "1.4.3", "edd0124f358f0b9e95bfe53a9fcf806d615d8f838e2202a9f430d59566b6b53b", [:mix], [{:erlex, ">= 0.2.6", [hex: :erlex, repo: "hexpm", optional: false]}], "hexpm", "bf2cfb75cd5c5006bec30141b131663299c661a864ec7fbbc72dfa557487a986"},
  "earmark_parser": {:hex, :earmark_parser, "1.4.39", "424642f8335b05bb9eb611aa1564c148a8ee35c9c8a8bba6e129d51a3e3c6769", [:mix], [], "hexpm", "06553a88d1f1846da9ef066b87b57c6f605552cfbe40d20bd8d59cc6bde41944"},
  "ecto": {:hex, :ecto, "3.11.1", "4b4972b717e7ca83d30121b12998f5fcdc62ba0ed4f20fd390f16f3270d85c3e", [:mix], [{:decimal, "~> 2.0", [hex: :decimal, repo: "hexpm", optional: false]}, {:jason, "~> 1.0", [hex: :jason, repo: "hexpm", optional: true]}, {:telemetry, "~> 0.4 or ~> 1.0", [hex: :telemetry, repo: "hexpm", optional: false]}], "hexpm", "ebd3d3772cd0dfcd8d772659e41ed527c28b2a8bde4b00fe03e0463da0f1983b"},
  "ecto_sql": {:hex, :ecto_sql, "3.11.1", "e9abf28ae27ef3916b43545f9578b4750956ccea444853606472089e7d169470", [:mix], [{:db_connection, "~> 2.5 or ~> 2.4.1", [hex: :db_connection, repo: "hexpm", optional: false]}, {:ecto, "~> 3.11.0", [hex: :ecto, repo: "hexpm", optional: false]}, {:myxql, "~> 0.6.0", [hex: :myxql, repo: "hexpm", optional: true]}, {:postgrex, "~> 0.16.0 or ~> 0.17.0 or ~> 1.0", [hex: :postgrex, repo: "hexpm", optional: true]}, {:tds, "~> 2.1.1 or ~> 2.2", [hex: :tds, repo: "hexpm", optional: true]}, {:telemetry, "~> 0.4.0 or ~> 1.0", [hex: :telemetry, repo: "hexpm", optional: false]}], "hexpm", "ce14063ab3514424276e7e360108ad6c2308f6d88164a076aac8a387e1fea634"},
  "ecto_sqlite3": {:hex, :ecto_sqlite3, "0.15.1", "40f2fbd9e246455f8c42e7e0a77009ef806caa1b3ce6f717b2a0a80e8432fcfd", [:mix], [{:decimal, "~> 1.6 or ~> 2.0", [hex: :decimal, repo: "hexpm", optional: false]}, {:ecto, "~> 3.11", [hex: :ecto, repo: "hexpm", optional: false]}, {:ecto_sql, "~> 3.11", [hex: :ecto_sql, repo: "hexpm", optional: false]}, {:exqlite, "~> 0.19", [hex: :exqlite, repo: "hexpm", optional: false]}], "hexpm", "28b16e177123c688948357176662bf9ff9084daddf950ef5b6baf3ee93707064"},
  "elixir_make": {:hex, :elixir_make, "0.7.8", "505026f266552ee5aabca0b9f9c229cbb496c689537c9f922f3eb5431157efc7", [:mix], [{:castore, "~> 0.1 or ~> 1.0", [hex: :castore, repo: "hexpm", optional: true]}, {:certifi, "~> 2.0", [hex: :certifi, repo: "hexpm", optional: true]}], "hexpm", "7a71945b913d37ea89b06966e1342c85cfe549b15e6d6d081e8081c493062c07"},
  "eqrcode": {:hex, :eqrcode, "0.1.10", "6294fece9d68ad64eef1c3c92cf111cfd6469f4fbf230a2d4cc905a682178f3f", [:mix], [], "hexpm", "da30e373c36a0fd37ab6f58664b16029919896d6c45a68a95cc4d713e81076f1"},
  "erlex": {:hex, :erlex, "0.2.6", "c7987d15e899c7a2f34f5420d2a2ea0d659682c06ac607572df55a43753aa12e", [:mix], [], "hexpm", "2ed2e25711feb44d52b17d2780eabf998452f6efda104877a3881c2f8c0c0c75"},
  "esbuild": {:hex, :esbuild, "0.8.1", "0cbf919f0eccb136d2eeef0df49c4acf55336de864e63594adcea3814f3edf41", [:mix], [{:castore, ">= 0.0.0", [hex: :castore, repo: "hexpm", optional: false]}, {:jason, "~> 1.4", [hex: :jason, repo: "hexpm", optional: false]}], "hexpm", "25fc876a67c13cb0a776e7b5d7974851556baeda2085296c14ab48555ea7560f"},
  "ex_doc": {:hex, :ex_doc, "0.31.1", "8a2355ac42b1cc7b2379da9e40243f2670143721dd50748bf6c3b1184dae2089", [:mix], [{:earmark_parser, "~> 1.4.39", [hex: :earmark_parser, repo: "hexpm", optional: false]}, {:makeup_c, ">= 0.1.1", [hex: :makeup_c, repo: "hexpm", optional: true]}, {:makeup_elixir, "~> 0.14", [hex: :makeup_elixir, repo: "hexpm", optional: false]}, {:makeup_erlang, "~> 0.1", [hex: :makeup_erlang, repo: "hexpm", optional: false]}], "hexpm", "3178c3a407c557d8343479e1ff117a96fd31bafe52a039079593fb0524ef61b0"},
  "expo": {:hex, :expo, "0.5.1", "249e826a897cac48f591deba863b26c16682b43711dd15ee86b92f25eafd96d9", [:mix], [], "hexpm", "68a4233b0658a3d12ee00d27d37d856b1ba48607e7ce20fd376958d0ba6ce92b"},
  "exqlite": {:hex, :exqlite, "0.19.0", "0f3ee29e35bed38552dd0ed59600aa81c78f867f5b5ff0e17d330148e0465483", [:make, :mix], [{:cc_precompiler, "~> 0.1", [hex: :cc_precompiler, repo: "hexpm", optional: false]}, {:db_connection, "~> 2.1", [hex: :db_connection, repo: "hexpm", optional: false]}, {:elixir_make, "~> 0.7", [hex: :elixir_make, repo: "hexpm", optional: false]}, {:table, "~> 0.1.0", [hex: :table, repo: "hexpm", optional: true]}], "hexpm", "55a8fbb0443f03d4a256e3458bd1203eff5037a6624b76460eaaa9080f462b06"},
  "file_system": {:hex, :file_system, "0.2.10", "fb082005a9cd1711c05b5248710f8826b02d7d1784e7c3451f9c1231d4fc162d", [:mix], [], "hexpm", "41195edbfb562a593726eda3b3e8b103a309b733ad25f3d642ba49696bf715dc"},
  "finch": {:hex, :finch, "0.17.0", "17d06e1d44d891d20dbd437335eebe844e2426a0cd7e3a3e220b461127c73f70", [:mix], [{:castore, "~> 0.1 or ~> 1.0", [hex: :castore, repo: "hexpm", optional: false]}, {:mime, "~> 1.0 or ~> 2.0", [hex: :mime, repo: "hexpm", optional: false]}, {:mint, "~> 1.3", [hex: :mint, repo: "hexpm", optional: false]}, {:nimble_options, "~> 0.4 or ~> 1.0", [hex: :nimble_options, repo: "hexpm", optional: false]}, {:nimble_pool, "~> 0.2.6 or ~> 1.0", [hex: :nimble_pool, repo: "hexpm", optional: false]}, {:telemetry, "~> 0.4 or ~> 1.0", [hex: :telemetry, repo: "hexpm", optional: false]}], "hexpm", "8d014a661bb6a437263d4b5abf0bcbd3cf0deb26b1e8596f2a271d22e48934c7"},
  "floki": {:hex, :floki, "0.35.3", "0c8c6234aa71cb2b069cf801e8f8f30f8d096eb452c3dae2ccc409510ec32720", [:mix], [], "hexpm", "6d9f07f3fc76599f3b66c39f4a81ac62c8f4d9631140268db92aacad5d0e56d4"},
  "gettext": {:hex, :gettext, "0.24.0", "6f4d90ac5f3111673cbefc4ebee96fe5f37a114861ab8c7b7d5b30a1108ce6d8", [:mix], [{:expo, "~> 0.5.1", [hex: :expo, repo: "hexpm", optional: false]}], "hexpm", "bdf75cdfcbe9e4622dd18e034b227d77dd17f0f133853a1c73b97b3d6c770e8b"},
  "hackney": {:hex, :hackney, "1.20.1", "8d97aec62ddddd757d128bfd1df6c5861093419f8f7a4223823537bad5d064e2", [:rebar3], [{:certifi, "~>2.12.0", [hex: :certifi, repo: "hexpm", optional: false]}, {:idna, "~>6.1.0", [hex: :idna, repo: "hexpm", optional: false]}, {:metrics, "~>1.0.0", [hex: :metrics, repo: "hexpm", optional: false]}, {:mimerl, "~>1.1", [hex: :mimerl, repo: "hexpm", optional: false]}, {:parse_trans, "3.4.1", [hex: :parse_trans, repo: "hexpm", optional: false]}, {:ssl_verify_fun, "~>1.1.0", [hex: :ssl_verify_fun, repo: "hexpm", optional: false]}, {:unicode_util_compat, "~>0.7.0", [hex: :unicode_util_compat, repo: "hexpm", optional: false]}], "hexpm", "fe9094e5f1a2a2c0a7d10918fee36bfec0ec2a979994cff8cfe8058cd9af38e3"},
  "hap": {:hex, :hap, "0.4.9", "9cf25184eafddfb9044fdc1b8366fc097fa2bc832e98d771d1d1bec7f1740f3a", [:mix], [{:bandit, "~> 1.0", [hex: :bandit, repo: "hexpm", optional: false]}, {:base36, "~> 1.0", [hex: :base36, repo: "hexpm", optional: false]}, {:cubdb, "~> 2.0.0", [hex: :cubdb, repo: "hexpm", optional: false]}, {:eqrcode, "~> 0.1.7", [hex: :eqrcode, repo: "hexpm", optional: false]}, {:hkdf, "~> 0.2.0", [hex: :hkdf, repo: "hexpm", optional: false]}, {:jason, "~> 1.2", [hex: :jason, repo: "hexpm", optional: false]}, {:kino, "~> 0.7", [hex: :kino, repo: "hexpm", optional: true]}, {:mdns_lite, "~> 0.8.3", [hex: :mdns_lite, repo: "hexpm", optional: false]}, {:strap, "~> 0.1.1", [hex: :strap, repo: "hexpm", optional: false]}], "hexpm", "047155d818b828fd825667021740b643e3c97a719b22bfff919248141440f2fb"},
  "heroicons": {:hex, :heroicons, "0.5.3", "ee8ae8335303df3b18f2cc07f46e1cb6e761ba4cf2c901623fbe9a28c0bc51dd", [:mix], [{:castore, ">= 0.0.0", [hex: :castore, repo: "hexpm", optional: false]}, {:phoenix_live_view, ">= 0.18.2", [hex: :phoenix_live_view, repo: "hexpm", optional: false]}], "hexpm", "a210037e8a09ac17e2a0a0779d729e89c821c944434c3baa7edfc1f5b32f3502"},
  "hkdf": {:hex, :hkdf, "0.2.0", "be3c4f88b3bbc565b75e039befb057de1eed8d794dd241bed264e53271e704c8", [:mix], [], "hexpm", "ab23e116b734b72a031d20cbf922ba424a0fb8ea824747edb060b0bb18b9eca6"},
  "hpax": {:hex, :hpax, "0.1.2", "09a75600d9d8bbd064cdd741f21fc06fc1f4cf3d0fcc335e5aa19be1a7235c84", [:mix], [], "hexpm", "2c87843d5a23f5f16748ebe77969880e29809580efdaccd615cd3bed628a8c13"},
  "idna": {:hex, :idna, "6.1.1", "8a63070e9f7d0c62eb9d9fcb360a7de382448200fbbd1b106cc96d3d8099df8d", [:rebar3], [{:unicode_util_compat, "~> 0.7.0", [hex: :unicode_util_compat, repo: "hexpm", optional: false]}], "hexpm", "92376eb7894412ed19ac475e4a86f7b413c1b9fbb5bd16dccd57934157944cea"},
  "influxql": {:hex, :influxql, "0.2.1", "71bfd5c0d81bf870f239baf3357bf5226b44fce16e1b9399ba1368203ca71245", [:mix], [], "hexpm", "75faf04960d6830ca0827869eaac1ba092655041c5e96deb2a588bafb601205c"},
  "input_event": {:hex, :input_event, "1.4.2", "8ad280387595110cf4ac4d92cfcfd2f5d61f7285084f35adc5feec077df23058", [:make, :mix], [{:elixir_make, "~> 0.6", [hex: :elixir_make, repo: "hexpm", optional: false]}], "hexpm", "eb12e3a5d83f2c570d965ad0a5de7bea7c9f387b425ae882c00f3a2a00971e3f"},
  "instream": {:hex, :instream, "2.2.1", "8f27352b0490f3d43387d9dfb926e6235570ea8a52b3675347c98efd7863a86d", [:mix], [{:hackney, "~> 1.1", [hex: :hackney, repo: "hexpm", optional: false]}, {:influxql, "~> 0.2.0", [hex: :influxql, repo: "hexpm", optional: false]}, {:jason, "~> 1.0", [hex: :jason, repo: "hexpm", optional: false]}, {:nimble_csv, "~> 1.0", [hex: :nimble_csv, repo: "hexpm", optional: false]}, {:poolboy, "~> 1.5", [hex: :poolboy, repo: "hexpm", optional: false]}], "hexpm", "e20c7cc24991fdd228fa93dc080ee7b9683f4c1509b3b718fdd385128d018c2a"},
  "jason": {:hex, :jason, "1.4.1", "af1504e35f629ddcdd6addb3513c3853991f694921b1b9368b0bd32beb9f1b63", [:mix], [{:decimal, "~> 1.0 or ~> 2.0", [hex: :decimal, repo: "hexpm", optional: true]}], "hexpm", "fbb01ecdfd565b56261302f7e1fcc27c4fb8f32d56eab74db621fc154604a7a1"},
  "makeup": {:hex, :makeup, "1.1.1", "fa0bc768698053b2b3869fa8a62616501ff9d11a562f3ce39580d60860c3a55e", [:mix], [{:nimble_parsec, "~> 1.2.2 or ~> 1.3", [hex: :nimble_parsec, repo: "hexpm", optional: false]}], "hexpm", "5dc62fbdd0de44de194898b6710692490be74baa02d9d108bc29f007783b0b48"},
  "makeup_elixir": {:hex, :makeup_elixir, "0.16.1", "cc9e3ca312f1cfeccc572b37a09980287e243648108384b97ff2b76e505c3555", [:mix], [{:makeup, "~> 1.0", [hex: :makeup, repo: "hexpm", optional: false]}, {:nimble_parsec, "~> 1.2.3 or ~> 1.3", [hex: :nimble_parsec, repo: "hexpm", optional: false]}], "hexpm", "e127a341ad1b209bd80f7bd1620a15693a9908ed780c3b763bccf7d200c767c6"},
  "makeup_erlang": {:hex, :makeup_erlang, "0.1.3", "d684f4bac8690e70b06eb52dad65d26de2eefa44cd19d64a8095e1417df7c8fd", [:mix], [{:makeup, "~> 1.0", [hex: :makeup, repo: "hexpm", optional: false]}], "hexpm", "b78dc853d2e670ff6390b605d807263bf606da3c82be37f9d7f68635bd886fc9"},
  "mdns_lite": {:hex, :mdns_lite, "0.8.8", "e455f4d99dc708a9996ae8559f2893429ef39f0ca7d84ee63ce0e4b2f6a00a3f", [:mix], [{:vintage_net, "~> 0.7", [hex: :vintage_net, repo: "hexpm", optional: true]}], "hexpm", "221badb8e7b2a725ef642dc6121a61d8bfb7bad2a70afcc97bce6c9c7ce3c47c"},
  "metrics": {:hex, :metrics, "1.0.1", "25f094dea2cda98213cecc3aeff09e940299d950904393b2a29d191c346a8486", [:rebar3], [], "hexpm", "69b09adddc4f74a40716ae54d140f93beb0fb8978d8636eaded0c31b6f099f16"},
  "mime": {:hex, :mime, "2.0.5", "dc34c8efd439abe6ae0343edbb8556f4d63f178594894720607772a041b04b02", [:mix], [], "hexpm", "da0d64a365c45bc9935cc5c8a7fc5e49a0e0f9932a761c55d6c52b142780a05c"},
  "mimerl": {:hex, :mimerl, "1.2.0", "67e2d3f571088d5cfd3e550c383094b47159f3eee8ffa08e64106cdf5e981be3", [:rebar3], [], "hexpm", "f278585650aa581986264638ebf698f8bb19df297f66ad91b18910dfc6e19323"},
  "mint": {:hex, :mint, "1.5.2", "4805e059f96028948870d23d7783613b7e6b0e2fb4e98d720383852a760067fd", [:mix], [{:castore, "~> 0.1.0 or ~> 1.0", [hex: :castore, repo: "hexpm", optional: true]}, {:hpax, "~> 0.1.1", [hex: :hpax, repo: "hexpm", optional: false]}], "hexpm", "d77d9e9ce4eb35941907f1d3df38d8f750c357865353e21d335bdcdf6d892a02"},
  "nimble_csv": {:hex, :nimble_csv, "1.2.0", "4e26385d260c61eba9d4412c71cea34421f296d5353f914afe3f2e71cce97722", [:mix], [], "hexpm", "d0628117fcc2148178b034044c55359b26966c6eaa8e2ce15777be3bbc91b12a"},
  "nimble_options": {:hex, :nimble_options, "1.1.0", "3b31a57ede9cb1502071fade751ab0c7b8dbe75a9a4c2b5bbb0943a690b63172", [:mix], [], "hexpm", "8bbbb3941af3ca9acc7835f5655ea062111c9c27bcac53e004460dfd19008a99"},
  "nimble_parsec": {:hex, :nimble_parsec, "1.4.0", "51f9b613ea62cfa97b25ccc2c1b4216e81df970acd8e16e8d1bdc58fef21370d", [:mix], [], "hexpm", "9c565862810fb383e9838c1dd2d7d2c437b3d13b267414ba6af33e50d2d1cf28"},
  "nimble_pool": {:hex, :nimble_pool, "1.0.0", "5eb82705d138f4dd4423f69ceb19ac667b3b492ae570c9f5c900bb3d2f50a847", [:mix], [], "hexpm", "80be3b882d2d351882256087078e1b1952a28bf98d0a287be87e4a24a710b67a"},
  "parse_trans": {:hex, :parse_trans, "3.4.1", "6e6aa8167cb44cc8f39441d05193be6e6f4e7c2946cb2759f015f8c56b76e5ff", [:rebar3], [], "hexpm", "620a406ce75dada827b82e453c19cf06776be266f5a67cff34e1ef2cbb60e49a"},
  "phoenix": {:hex, :phoenix, "1.7.11", "1d88fc6b05ab0c735b250932c4e6e33bfa1c186f76dcf623d8dd52f07d6379c7", [:mix], [{:castore, ">= 0.0.0", [hex: :castore, repo: "hexpm", optional: false]}, {:jason, "~> 1.0", [hex: :jason, repo: "hexpm", optional: true]}, {:phoenix_pubsub, "~> 2.1", [hex: :phoenix_pubsub, repo: "hexpm", optional: false]}, {:phoenix_template, "~> 1.0", [hex: :phoenix_template, repo: "hexpm", optional: false]}, {:phoenix_view, "~> 2.0", [hex: :phoenix_view, repo: "hexpm", optional: true]}, {:plug, "~> 1.14", [hex: :plug, repo: "hexpm", optional: false]}, {:plug_cowboy, "~> 2.7", [hex: :plug_cowboy, repo: "hexpm", optional: true]}, {:plug_crypto, "~> 1.2 or ~> 2.0", [hex: :plug_crypto, repo: "hexpm", optional: false]}, {:telemetry, "~> 0.4 or ~> 1.0", [hex: :telemetry, repo: "hexpm", optional: false]}, {:websock_adapter, "~> 0.5.3", [hex: :websock_adapter, repo: "hexpm", optional: false]}], "hexpm", "b1ec57f2e40316b306708fe59b92a16b9f6f4bf50ccfa41aa8c7feb79e0ec02a"},
  "phoenix_ecto": {:hex, :phoenix_ecto, "4.4.3", "86e9878f833829c3f66da03d75254c155d91d72a201eb56ae83482328dc7ca93", [:mix], [{:ecto, "~> 3.5", [hex: :ecto, repo: "hexpm", optional: false]}, {:phoenix_html, "~> 2.14.2 or ~> 3.0 or ~> 4.0", [hex: :phoenix_html, repo: "hexpm", optional: true]}, {:plug, "~> 1.9", [hex: :plug, repo: "hexpm", optional: false]}], "hexpm", "d36c401206f3011fefd63d04e8ef626ec8791975d9d107f9a0817d426f61ac07"},
  "phoenix_html": {:hex, :phoenix_html, "4.0.0", "4857ec2edaccd0934a923c2b0ba526c44a173c86b847e8db725172e9e51d11d6", [:mix], [], "hexpm", "cee794a052f243291d92fa3ccabcb4c29bb8d236f655fb03bcbdc3a8214b8d13"},
  "phoenix_live_dashboard": {:hex, :phoenix_live_dashboard, "0.8.3", "7ff51c9b6609470f681fbea20578dede0e548302b0c8bdf338b5a753a4f045bf", [:mix], [{:ecto, "~> 3.6.2 or ~> 3.7", [hex: :ecto, repo: "hexpm", optional: true]}, {:ecto_mysql_extras, "~> 0.5", [hex: :ecto_mysql_extras, repo: "hexpm", optional: true]}, {:ecto_psql_extras, "~> 0.7", [hex: :ecto_psql_extras, repo: "hexpm", optional: true]}, {:ecto_sqlite3_extras, "~> 1.1.7 or ~> 1.2.0", [hex: :ecto_sqlite3_extras, repo: "hexpm", optional: true]}, {:mime, "~> 1.6 or ~> 2.0", [hex: :mime, repo: "hexpm", optional: false]}, {:phoenix_live_view, "~> 0.19 or ~> 1.0", [hex: :phoenix_live_view, repo: "hexpm", optional: false]}, {:telemetry_metrics, "~> 0.6 or ~> 1.0", [hex: :telemetry_metrics, repo: "hexpm", optional: false]}], "hexpm", "f9470a0a8bae4f56430a23d42f977b5a6205fdba6559d76f932b876bfaec652d"},
  "phoenix_live_reload": {:hex, :phoenix_live_reload, "1.4.1", "2aff698f5e47369decde4357ba91fc9c37c6487a512b41732818f2204a8ef1d3", [:mix], [{:file_system, "~> 0.2.1 or ~> 0.3", [hex: :file_system, repo: "hexpm", optional: false]}, {:phoenix, "~> 1.4", [hex: :phoenix, repo: "hexpm", optional: false]}], "hexpm", "9bffb834e7ddf08467fe54ae58b5785507aaba6255568ae22b4d46e2bb3615ab"},
  "phoenix_live_view": {:hex, :phoenix_live_view, "0.20.4", "0dc21e89dbf5b1f3a69090a92d1a2724bfa951d5cbccff6c5b318e12eac107e3", [:mix], [{:jason, "~> 1.0", [hex: :jason, repo: "hexpm", optional: true]}, {:phoenix, "~> 1.6.15 or ~> 1.7.0", [hex: :phoenix, repo: "hexpm", optional: false]}, {:phoenix_html, "~> 3.3 or ~> 4.0", [hex: :phoenix_html, repo: "hexpm", optional: false]}, {:phoenix_template, "~> 1.0", [hex: :phoenix_template, repo: "hexpm", optional: false]}, {:phoenix_view, "~> 2.0", [hex: :phoenix_view, repo: "hexpm", optional: true]}, {:plug, "~> 1.15", [hex: :plug, repo: "hexpm", optional: false]}, {:telemetry, "~> 0.4.2 or ~> 1.0", [hex: :telemetry, repo: "hexpm", optional: false]}], "hexpm", "d8930c9c79dd25775646874abdf3d8d24356b88d58fa14f637c8e3418d36bce3"},
  "phoenix_pubsub": {:hex, :phoenix_pubsub, "2.1.3", "3168d78ba41835aecad272d5e8cd51aa87a7ac9eb836eabc42f6e57538e3731d", [:mix], [], "hexpm", "bba06bc1dcfd8cb086759f0edc94a8ba2bc8896d5331a1e2c2902bf8e36ee502"},
  "phoenix_template": {:hex, :phoenix_template, "1.0.4", "e2092c132f3b5e5b2d49c96695342eb36d0ed514c5b252a77048d5969330d639", [:mix], [{:phoenix_html, "~> 2.14.2 or ~> 3.0 or ~> 4.0", [hex: :phoenix_html, repo: "hexpm", optional: true]}], "hexpm", "2c0c81f0e5c6753faf5cca2f229c9709919aba34fab866d3bc05060c9c444206"},
  "phoscon_api": {:git, "https://github.com/hez/phoscon_api.git", "acf4cffaa1706467003bf53655672766c9dc21ed", [tag: "v0.3.6"]},
  "pid_controller": {:git, "https://github.com/hez/pid_controller.git", "f784769c445c12323031ddfe86c4e68fdb2fa709", [branch: "minmax"]},
  "pidex": {:git, "https://github.com/hez/pidex.git", "518451b53ce42922b30a180b35888748b902e3ea", [branch: "feature/debug-touchups"]},
  "pigpiox": {:git, "https://github.com/hez/pigpiox.git", "72c8e2b5ef62c84888c29466972d94c9d19662f3", []},
  "plug": {:hex, :plug, "1.15.3", "712976f504418f6dff0a3e554c40d705a9bcf89a7ccef92fc6a5ef8f16a30a97", [:mix], [{:mime, "~> 1.0 or ~> 2.0", [hex: :mime, repo: "hexpm", optional: false]}, {:plug_crypto, "~> 1.1.1 or ~> 1.2 or ~> 2.0", [hex: :plug_crypto, repo: "hexpm", optional: false]}, {:telemetry, "~> 0.4.3 or ~> 1.0", [hex: :telemetry, repo: "hexpm", optional: false]}], "hexpm", "cc4365a3c010a56af402e0809208873d113e9c38c401cabd88027ef4f5c01fd2"},
  "plug_cowboy": {:hex, :plug_cowboy, "2.7.0", "3ae9369c60641084363b08fe90267cbdd316df57e3557ea522114b30b63256ea", [:mix], [{:cowboy, "~> 2.7.0 or ~> 2.8.0 or ~> 2.9.0 or ~> 2.10.0", [hex: :cowboy, repo: "hexpm", optional: false]}, {:cowboy_telemetry, "~> 0.3", [hex: :cowboy_telemetry, repo: "hexpm", optional: false]}, {:plug, "~> 1.14", [hex: :plug, repo: "hexpm", optional: false]}], "hexpm", "d85444fb8aa1f2fc62eabe83bbe387d81510d773886774ebdcb429b3da3c1a4a"},
  "plug_crypto": {:hex, :plug_crypto, "2.0.0", "77515cc10af06645abbfb5e6ad7a3e9714f805ae118fa1a70205f80d2d70fe73", [:mix], [], "hexpm", "53695bae57cc4e54566d993eb01074e4d894b65a3766f1c43e2c61a1b0f45ea9"},
  "poolboy": {:hex, :poolboy, "1.5.2", "392b007a1693a64540cead79830443abf5762f5d30cf50bc95cb2c1aaafa006b", [:rebar3], [], "hexpm", "dad79704ce5440f3d5a3681c8590b9dc25d1a561e8f5a9c995281012860901e3"},
  "ranch": {:hex, :ranch, "1.8.0", "8c7a100a139fd57f17327b6413e4167ac559fbc04ca7448e9be9057311597a1d", [:make, :rebar3], [], "hexpm", "49fbcfd3682fab1f5d109351b61257676da1a2fdbe295904176d5e521a2ddfe5"},
  "rpi_screen_dimmer": {:git, "https://github.com/hez/rpi-screen-dimmer.git", "f2385ea878c3fb64db14f5baf60e2388454f493f", [tag: "v0.1.2"]},
  "ssl_verify_fun": {:hex, :ssl_verify_fun, "1.1.7", "354c321cf377240c7b8716899e182ce4890c5938111a1296add3ec74cf1715df", [:make, :mix, :rebar3], [], "hexpm", "fe4c190e8f37401d30167c8c405eda19469f34577987c76dde613e838bbc67f8"},
  "strap": {:hex, :strap, "0.1.1", "90fedb0b51a1c81678cc1386ed9d3d9e6126ac718af4de2a852d730c0fc6d67f", [:mix], [], "hexpm", "1aa1980c8cf43a3e7b2558e4af021dd3752ee29007484f2ba6c314f5936c95e7"},
  "swoosh": {:hex, :swoosh, "1.15.2", "490ea85a98e8fb5178c07039e0d8519839e38127724a58947a668c00db7574ee", [:mix], [{:bandit, ">= 1.0.0", [hex: :bandit, repo: "hexpm", optional: true]}, {:cowboy, "~> 1.1 or ~> 2.4", [hex: :cowboy, repo: "hexpm", optional: true]}, {:ex_aws, "~> 2.1", [hex: :ex_aws, repo: "hexpm", optional: true]}, {:finch, "~> 0.6", [hex: :finch, repo: "hexpm", optional: true]}, {:gen_smtp, "~> 0.13 or ~> 1.0", [hex: :gen_smtp, repo: "hexpm", optional: true]}, {:hackney, "~> 1.9", [hex: :hackney, repo: "hexpm", optional: true]}, {:jason, "~> 1.0", [hex: :jason, repo: "hexpm", optional: false]}, {:mail, "~> 0.2", [hex: :mail, repo: "hexpm", optional: true]}, {:mime, "~> 1.1 or ~> 2.0", [hex: :mime, repo: "hexpm", optional: false]}, {:plug, "~> 1.9", [hex: :plug, repo: "hexpm", optional: true]}, {:plug_cowboy, ">= 1.0.0", [hex: :plug_cowboy, repo: "hexpm", optional: true]}, {:req, "~> 0.4 or ~> 1.0", [hex: :req, repo: "hexpm", optional: true]}, {:telemetry, "~> 0.4.2 or ~> 1.0", [hex: :telemetry, repo: "hexpm", optional: false]}], "hexpm", "9f7739c02f6c7c0ca82ee397f3bfe0465dbe4c8a65372ac2a5584bf147dd5831"},
  "tailwind": {:hex, :tailwind, "0.2.2", "9e27288b568ede1d88517e8c61259bc214a12d7eed271e102db4c93fcca9b2cd", [:mix], [{:castore, ">= 0.0.0", [hex: :castore, repo: "hexpm", optional: false]}], "hexpm", "ccfb5025179ea307f7f899d1bb3905cd0ac9f687ed77feebc8f67bdca78565c4"},
  "telemetry": {:hex, :telemetry, "1.2.1", "68fdfe8d8f05a8428483a97d7aab2f268aaff24b49e0f599faa091f1d4e7f61c", [:rebar3], [], "hexpm", "dad9ce9d8effc621708f99eac538ef1cbe05d6a874dd741de2e689c47feafed5"},
  "telemetry_metrics": {:hex, :telemetry_metrics, "0.6.2", "2caabe9344ec17eafe5403304771c3539f3b6e2f7fb6a6f602558c825d0d0bfb", [:mix], [{:telemetry, "~> 0.4 or ~> 1.0", [hex: :telemetry, repo: "hexpm", optional: false]}], "hexpm", "9b43db0dc33863930b9ef9d27137e78974756f5f198cae18409970ed6fa5b561"},
  "telemetry_poller": {:hex, :telemetry_poller, "1.0.0", "db91bb424e07f2bb6e73926fcafbfcbcb295f0193e0a00e825e589a0a47e8453", [:rebar3], [{:telemetry, "~> 1.0", [hex: :telemetry, repo: "hexpm", optional: false]}], "hexpm", "b3a24eafd66c3f42da30fc3ca7dda1e9d546c12250a2d60d7b81d264fbec4f6e"},
  "tesla": {:hex, :tesla, "1.7.0", "a62dda2f80d4f8a925eb7b8c5b78c461e0eb996672719fe1a63b26321a5f8b4e", [:mix], [{:castore, "~> 0.1 or ~> 1.0", [hex: :castore, repo: "hexpm", optional: true]}, {:exjsx, ">= 3.0.0", [hex: :exjsx, repo: "hexpm", optional: true]}, {:finch, "~> 0.13", [hex: :finch, repo: "hexpm", optional: true]}, {:fuse, "~> 2.4", [hex: :fuse, repo: "hexpm", optional: true]}, {:gun, "~> 1.3", [hex: :gun, repo: "hexpm", optional: true]}, {:hackney, "~> 1.6", [hex: :hackney, repo: "hexpm", optional: true]}, {:ibrowse, "4.4.0", [hex: :ibrowse, repo: "hexpm", optional: true]}, {:jason, ">= 1.0.0", [hex: :jason, repo: "hexpm", optional: true]}, {:mime, "~> 1.0 or ~> 2.0", [hex: :mime, repo: "hexpm", optional: false]}, {:mint, "~> 1.0", [hex: :mint, repo: "hexpm", optional: true]}, {:msgpax, "~> 2.3", [hex: :msgpax, repo: "hexpm", optional: true]}, {:poison, ">= 1.0.0", [hex: :poison, repo: "hexpm", optional: true]}, {:telemetry, "~> 0.4 or ~> 1.0", [hex: :telemetry, repo: "hexpm", optional: true]}], "hexpm", "2e64f01ebfdb026209b47bc651a0e65203fcff4ae79c11efb73c4852b00dc313"},
  "thousand_island": {:hex, :thousand_island, "1.3.2", "bc27f9afba6e1a676dd36507d42e429935a142cf5ee69b8e3f90bff1383943cd", [:mix], [{:telemetry, "~> 0.4 or ~> 1.0", [hex: :telemetry, repo: "hexpm", optional: false]}], "hexpm", "0e085b93012cd1057b378fce40cbfbf381ff6d957a382bfdd5eca1a98eec2535"},
  "tzdata": {:hex, :tzdata, "1.1.1", "20c8043476dfda8504952d00adac41c6eda23912278add38edc140ae0c5bcc46", [:mix], [{:hackney, "~> 1.17", [hex: :hackney, repo: "hexpm", optional: false]}], "hexpm", "a69cec8352eafcd2e198dea28a34113b60fdc6cb57eb5ad65c10292a6ba89787"},
  "unicode_util_compat": {:hex, :unicode_util_compat, "0.7.0", "bc84380c9ab48177092f43ac89e4dfa2c6d62b40b8bd132b1059ecc7232f9a78", [:rebar3], [], "hexpm", "25eee6d67df61960cf6a794239566599b09e17e668d3700247bc498638152521"},
  "websock": {:hex, :websock, "0.5.3", "2f69a6ebe810328555b6fe5c831a851f485e303a7c8ce6c5f675abeb20ebdadc", [:mix], [], "hexpm", "6105453d7fac22c712ad66fab1d45abdf049868f253cf719b625151460b8b453"},
  "websock_adapter": {:hex, :websock_adapter, "0.5.5", "9dfeee8269b27e958a65b3e235b7e447769f66b5b5925385f5a569269164a210", [:mix], [{:bandit, ">= 0.6.0", [hex: :bandit, repo: "hexpm", optional: true]}, {:plug, "~> 1.14", [hex: :plug, repo: "hexpm", optional: false]}, {:plug_cowboy, "~> 2.6", [hex: :plug_cowboy, repo: "hexpm", optional: true]}, {:websock, "~> 0.5", [hex: :websock, repo: "hexpm", optional: false]}], "hexpm", "4b977ba4a01918acbf77045ff88de7f6972c2a009213c515a445c48f224ffce9"},
  "websockex": {:hex, :websockex, "0.4.3", "92b7905769c79c6480c02daacaca2ddd49de936d912976a4d3c923723b647bf0", [:mix], [], "hexpm", "95f2e7072b85a3a4cc385602d42115b73ce0b74a9121d0d6dbbf557645ac53e4"},
}
